
Microsoft Visual Studio Solution File, Format Version 12.00
# Visual Studio 14
VisualStudioVersion = 14.0.25420.1
MinimumVisualStudioVersion = 10.0.40219.1
Project("{FAE04EC0-301F-11D3-BF4B-00C04F79EFBC}") = "Library.Testing.EntityFramework", "Library.Testing.EntityFramework\Library.Testing.EntityFramework.csproj", "{7760BB05-683C-44C2-93F1-7AF9B94D2659}"
EndProject
Project("{2150E333-8FDC-42A3-9474-1A3956D46DE8}") = "Testing", "Testing", "{A689D599-A1F0-4704-8F3A-9F442C61F6D6}"
EndProject
Project("{2150E333-8FDC-42A3-9474-1A3956D46DE8}") = "Messaging", "Messaging", "{201132CE-8546-4360-9E35-261DBF3C9A0D}"
EndProject
Project("{FAE04EC0-301F-11D3-BF4B-00C04F79EFBC}") = "Library.Messaging.MassTransit", "Library.Messaging.MassTransit\Library.Messaging.MassTransit.csproj", "{F5757E71-ABD0-4E28-A700-C872EC07EC58}"
EndProject
Project("{2150E333-8FDC-42A3-9474-1A3956D46DE8}") = "Logging", "Logging", "{8FFAB2C6-7215-4C64-8CBB-D0A7AE9ADEBD}"
EndProject
Project("{FAE04EC0-301F-11D3-BF4B-00C04F79EFBC}") = "Library.Logging", "Library.Logging\Library.Logging.csproj", "{1F3DE779-233C-4806-B346-7FF22BA5563E}"
EndProject
Project("{2150E333-8FDC-42A3-9474-1A3956D46DE8}") = "Configuration", "Configuration", "{85FB18CC-006F-4ED5-87C0-E23F518863BB}"
EndProject
Project("{FAE04EC0-301F-11D3-BF4B-00C04F79EFBC}") = "Library.Configuration.MassTransit", "Library.Configuration.MassTransit\Library.Configuration.MassTransit.csproj", "{E9E423E3-75CE-4C49-AC3E-FDC14BE7EE69}"
EndProject
Global
	GlobalSection(SolutionConfigurationPlatforms) = preSolution
		Debug|Any CPU = Debug|Any CPU
		Release|Any CPU = Release|Any CPU
	EndGlobalSection
	GlobalSection(ProjectConfigurationPlatforms) = postSolution
		{7760BB05-683C-44C2-93F1-7AF9B94D2659}.Debug|Any CPU.ActiveCfg = Debug|Any CPU
		{7760BB05-683C-44C2-93F1-7AF9B94D2659}.Debug|Any CPU.Build.0 = Debug|Any CPU
		{7760BB05-683C-44C2-93F1-7AF9B94D2659}.Release|Any CPU.ActiveCfg = Release|Any CPU
		{7760BB05-683C-44C2-93F1-7AF9B94D2659}.Release|Any CPU.Build.0 = Release|Any CPU
		{F5757E71-ABD0-4E28-A700-C872EC07EC58}.Debug|Any CPU.ActiveCfg = Debug|Any CPU
		{F5757E71-ABD0-4E28-A700-C872EC07EC58}.Debug|Any CPU.Build.0 = Debug|Any CPU
		{F5757E71-ABD0-4E28-A700-C872EC07EC58}.Release|Any CPU.ActiveCfg = Release|Any CPU
		{F5757E71-ABD0-4E28-A700-C872EC07EC58}.Release|Any CPU.Build.0 = Release|Any CPU
		{1F3DE779-233C-4806-B346-7FF22BA5563E}.Debug|Any CPU.ActiveCfg = Debug|Any CPU
		{1F3DE779-233C-4806-B346-7FF22BA5563E}.Debug|Any CPU.Build.0 = Debug|Any CPU
		{1F3DE779-233C-4806-B346-7FF22BA5563E}.Release|Any CPU.ActiveCfg = Release|Any CPU
		{1F3DE779-233C-4806-B346-7FF22BA5563E}.Release|Any CPU.Build.0 = Release|Any CPU
		{E9E423E3-75CE-4C49-AC3E-FDC14BE7EE69}.Debug|Any CPU.ActiveCfg = Debug|Any CPU
		{E9E423E3-75CE-4C49-AC3E-FDC14BE7EE69}.Debug|Any CPU.Build.0 = Debug|Any CPU
		{E9E423E3-75CE-4C49-AC3E-FDC14BE7EE69}.Release|Any CPU.ActiveCfg = Release|Any CPU
		{E9E423E3-75CE-4C49-AC3E-FDC14BE7EE69}.Release|Any CPU.Build.0 = Release|Any CPU
	EndGlobalSection
	GlobalSection(SolutionProperties) = preSolution
		HideSolutionNode = FALSE
	EndGlobalSection
	GlobalSection(NestedProjects) = preSolution
		{7760BB05-683C-44C2-93F1-7AF9B94D2659} = {A689D599-A1F0-4704-8F3A-9F442C61F6D6}
		{F5757E71-ABD0-4E28-A700-C872EC07EC58} = {201132CE-8546-4360-9E35-261DBF3C9A0D}
		{1F3DE779-233C-4806-B346-7FF22BA5563E} = {8FFAB2C6-7215-4C64-8CBB-D0A7AE9ADEBD}
		{E9E423E3-75CE-4C49-AC3E-FDC14BE7EE69} = {85FB18CC-006F-4ED5-87C0-E23F518863BB}
	EndGlobalSection
EndGlobal
